
Microsoft Visual Studio Solution File, Format Version 12.00
# Visual Studio Version 17
VisualStudioVersion = 17.2.32526.322
MinimumVisualStudioVersion = 10.0.40219.1
Project("{FAE04EC0-301F-11D3-BF4B-00C04F79EFBC}") = "Lb1-PyramidSort", "Lb1-PyramidSort\Lb1-PyramidSort.csproj", "{650543C4-A284-4EF5-BB27-FC5C8BC188D6}"
EndProject
Project("{FAE04EC0-301F-11D3-BF4B-00C04F79EFBC}") = "PraktikaExtensions", "PraktikaExtensions\PraktikaExtensions.csproj", "{4F86DC1C-2A16-485B-A89F-3AD46DADC4BD}"
EndProject
Project("{FAE04EC0-301F-11D3-BF4B-00C04F79EFBC}") = "Lb-2RadixSort", "Lb-2RadixSort\Lb-2RadixSort.csproj", "{3A5C92B8-A602-4AB6-BD8F-25D9DBD938FC}"
EndProject
Project("{FAE04EC0-301F-11D3-BF4B-00C04F79EFBC}") = "Lb-3FileMergeSort", "Lb-3FileMergeSort\Lb-3FileMergeSort.csproj", "{6A8C7090-096E-462A-8757-B32E7681137F}"
EndProject
Project("{FAE04EC0-301F-11D3-BF4B-00C04F79EFBC}") = "Lb-5BinarySearch", "Lb-5BinarySearch\Lb-5BinarySearch.csproj", "{D2EDDAD1-36D9-4DE7-851F-335F06F644CA}"
EndProject
Project("{FAE04EC0-301F-11D3-BF4B-00C04F79EFBC}") = "Lb-6FibmonaccianSearch", "Lb-6FibmonaccianSearch\Lb-6FibmonaccianSearch.csproj", "{C18696BC-29F7-4BE9-B778-F255B43148B6}"
EndProject
Project("{FAE04EC0-301F-11D3-BF4B-00C04F79EFBC}") = "Lb-7InterpolateSearch", "Lb-7InterpolateSearch\Lb-7InterpolateSearch.csproj", "{5E960A0A-9048-49F3-B88E-591EADF0FC71}"
EndProject
Project("{FAE04EC0-301F-11D3-BF4B-00C04F79EFBC}") = "lb-9-10-11-12TextSearching", "lb-9-10-11-12TextSearching\lb-9-10-11-12TextSearching.csproj", "{BEEB4B49-0456-4AAC-93F4-565FB01D75AD}"
EndProject
Project("{FAE04EC0-301F-11D3-BF4B-00C04F79EFBC}") = "Lb13-Brackets", "Lb13-Brackets\Lb13-Brackets.csproj", "{90B9477E-C63C-4FC7-A2AC-B8B8FECD7A2D}"
EndProject
Project("{FAE04EC0-301F-11D3-BF4B-00C04F79EFBC}") = "Lb-14Fractals", "Lb-14Fractals\Lb-14Fractals.csproj", "{CB25882B-1566-4FDC-91FE-2B51AEE4D448}"
EndProject
Project("{FAE04EC0-301F-11D3-BF4B-00C04F79EFBC}") = "Lb-15Graph", "Lb-15Graph\Lb-15Graph.csproj", "{690AE25B-5483-48A0-A2F9-5AC4F17782B6}"
EndProject
Project("{FAE04EC0-301F-11D3-BF4B-00C04F79EFBC}") = "ToSEnd", "ToSEnd\ToSEnd.csproj", "{C344EC3E-AB0D-4BE5-B246-5831F93CA4A6}"
EndProject
Global
	GlobalSection(SolutionConfigurationPlatforms) = preSolution
		Debug|Any CPU = Debug|Any CPU
		Release|Any CPU = Release|Any CPU
	EndGlobalSection
	GlobalSection(ProjectConfigurationPlatforms) = postSolution
		{650543C4-A284-4EF5-BB27-FC5C8BC188D6}.Debug|Any CPU.ActiveCfg = Debug|Any CPU
		{650543C4-A284-4EF5-BB27-FC5C8BC188D6}.Debug|Any CPU.Build.0 = Debug|Any CPU
		{650543C4-A284-4EF5-BB27-FC5C8BC188D6}.Release|Any CPU.ActiveCfg = Release|Any CPU
		{650543C4-A284-4EF5-BB27-FC5C8BC188D6}.Release|Any CPU.Build.0 = Release|Any CPU
		{4F86DC1C-2A16-485B-A89F-3AD46DADC4BD}.Debug|Any CPU.ActiveCfg = Debug|Any CPU
		{4F86DC1C-2A16-485B-A89F-3AD46DADC4BD}.Debug|Any CPU.Build.0 = Debug|Any CPU
		{4F86DC1C-2A16-485B-A89F-3AD46DADC4BD}.Release|Any CPU.ActiveCfg = Release|Any CPU
		{4F86DC1C-2A16-485B-A89F-3AD46DADC4BD}.Release|Any CPU.Build.0 = Release|Any CPU
		{3A5C92B8-A602-4AB6-BD8F-25D9DBD938FC}.Debug|Any CPU.ActiveCfg = Debug|Any CPU
		{3A5C92B8-A602-4AB6-BD8F-25D9DBD938FC}.Debug|Any CPU.Build.0 = Debug|Any CPU
		{3A5C92B8-A602-4AB6-BD8F-25D9DBD938FC}.Release|Any CPU.ActiveCfg = Release|Any CPU
		{3A5C92B8-A602-4AB6-BD8F-25D9DBD938FC}.Release|Any CPU.Build.0 = Release|Any CPU
		{6A8C7090-096E-462A-8757-B32E7681137F}.Debug|Any CPU.ActiveCfg = Debug|Any CPU
		{6A8C7090-096E-462A-8757-B32E7681137F}.Debug|Any CPU.Build.0 = Debug|Any CPU
		{6A8C7090-096E-462A-8757-B32E7681137F}.Release|Any CPU.ActiveCfg = Release|Any CPU
		{6A8C7090-096E-462A-8757-B32E7681137F}.Release|Any CPU.Build.0 = Release|Any CPU
		{D2EDDAD1-36D9-4DE7-851F-335F06F644CA}.Debug|Any CPU.ActiveCfg = Debug|Any CPU
		{D2EDDAD1-36D9-4DE7-851F-335F06F644CA}.Debug|Any CPU.Build.0 = Debug|Any CPU
		{D2EDDAD1-36D9-4DE7-851F-335F06F644CA}.Release|Any CPU.ActiveCfg = Release|Any CPU
		{D2EDDAD1-36D9-4DE7-851F-335F06F644CA}.Release|Any CPU.Build.0 = Release|Any CPU
		{C18696BC-29F7-4BE9-B778-F255B43148B6}.Debug|Any CPU.ActiveCfg = Debug|Any CPU
		{C18696BC-29F7-4BE9-B778-F255B43148B6}.Debug|Any CPU.Build.0 = Debug|Any CPU
		{C18696BC-29F7-4BE9-B778-F255B43148B6}.Release|Any CPU.ActiveCfg = Release|Any CPU
		{C18696BC-29F7-4BE9-B778-F255B43148B6}.Release|Any CPU.Build.0 = Release|Any CPU
		{5E960A0A-9048-49F3-B88E-591EADF0FC71}.Debug|Any CPU.ActiveCfg = Debug|Any CPU
		{5E960A0A-9048-49F3-B88E-591EADF0FC71}.Debug|Any CPU.Build.0 = Debug|Any CPU
		{5E960A0A-9048-49F3-B88E-591EADF0FC71}.Release|Any CPU.ActiveCfg = Release|Any CPU
		{5E960A0A-9048-49F3-B88E-591EADF0FC71}.Release|Any CPU.Build.0 = Release|Any CPU
		{BEEB4B49-0456-4AAC-93F4-565FB01D75AD}.Debug|Any CPU.ActiveCfg = Debug|Any CPU
		{BEEB4B49-0456-4AAC-93F4-565FB01D75AD}.Debug|Any CPU.Build.0 = Debug|Any CPU
		{BEEB4B49-0456-4AAC-93F4-565FB01D75AD}.Release|Any CPU.ActiveCfg = Release|Any CPU
		{BEEB4B49-0456-4AAC-93F4-565FB01D75AD}.Release|Any CPU.Build.0 = Release|Any CPU
		{90B9477E-C63C-4FC7-A2AC-B8B8FECD7A2D}.Debug|Any CPU.ActiveCfg = Debug|Any CPU
		{90B9477E-C63C-4FC7-A2AC-B8B8FECD7A2D}.Debug|Any CPU.Build.0 = Debug|Any CPU
		{90B9477E-C63C-4FC7-A2AC-B8B8FECD7A2D}.Release|Any CPU.ActiveCfg = Release|Any CPU
		{90B9477E-C63C-4FC7-A2AC-B8B8FECD7A2D}.Release|Any CPU.Build.0 = Release|Any CPU
		{CB25882B-1566-4FDC-91FE-2B51AEE4D448}.Debug|Any CPU.ActiveCfg = Debug|Any CPU
		{CB25882B-1566-4FDC-91FE-2B51AEE4D448}.Debug|Any CPU.Build.0 = Debug|Any CPU
		{CB25882B-1566-4FDC-91FE-2B51AEE4D448}.Release|Any CPU.ActiveCfg = Release|Any CPU
		{CB25882B-1566-4FDC-91FE-2B51AEE4D448}.Release|Any CPU.Build.0 = Release|Any CPU
		{690AE25B-5483-48A0-A2F9-5AC4F17782B6}.Debug|Any CPU.ActiveCfg = Debug|Any CPU
		{690AE25B-5483-48A0-A2F9-5AC4F17782B6}.Debug|Any CPU.Build.0 = Debug|Any CPU
		{690AE25B-5483-48A0-A2F9-5AC4F17782B6}.Release|Any CPU.ActiveCfg = Release|Any CPU
		{690AE25B-5483-48A0-A2F9-5AC4F17782B6}.Release|Any CPU.Build.0 = Release|Any CPU
		{C344EC3E-AB0D-4BE5-B246-5831F93CA4A6}.Debug|Any CPU.ActiveCfg = Debug|Any CPU
		{C344EC3E-AB0D-4BE5-B246-5831F93CA4A6}.Debug|Any CPU.Build.0 = Debug|Any CPU
		{C344EC3E-AB0D-4BE5-B246-5831F93CA4A6}.Release|Any CPU.ActiveCfg = Release|Any CPU
		{C344EC3E-AB0D-4BE5-B246-5831F93CA4A6}.Release|Any CPU.Build.0 = Release|Any CPU
	EndGlobalSection
	GlobalSection(SolutionProperties) = preSolution
		HideSolutionNode = FALSE
	EndGlobalSection
	GlobalSection(ExtensibilityGlobals) = postSolution
		SolutionGuid = {565B3662-417A-4C0E-93E0-80820FECFC64}
	EndGlobalSection
EndGlobal
